
Microsoft Visual Studio Solution File, Format Version 12.00
# Visual Studio Version 16
VisualStudioVersion = 16.0.30907.101
MinimumVisualStudioVersion = 10.0.40219.1
Project("{FAE04EC0-301F-11D3-BF4B-00C04F79EFBC}") = "SignalRTest-ChatApp", "SignalRTest-ChatApp\SignalRTest-ChatApp.csproj", "{FA21F0FE-16D3-40D6-B969-9C93A2AC6972}"
EndProject
Global
	GlobalSection(SolutionConfigurationPlatforms) = preSolution
		Debug|Any CPU = Debug|Any CPU
		Release|Any CPU = Release|Any CPU
	EndGlobalSection
	GlobalSection(ProjectConfigurationPlatforms) = postSolution
		{FA21F0FE-16D3-40D6-B969-9C93A2AC6972}.Debug|Any CPU.ActiveCfg = Debug|Any CPU
		{FA21F0FE-16D3-40D6-B969-9C93A2AC6972}.Debug|Any CPU.Build.0 = Debug|Any CPU
		{FA21F0FE-16D3-40D6-B969-9C93A2AC6972}.Release|Any CPU.ActiveCfg = Release|Any CPU
		{FA21F0FE-16D3-40D6-B969-9C93A2AC6972}.Release|Any CPU.Build.0 = Release|Any CPU
	EndGlobalSection
	GlobalSection(SolutionProperties) = preSolution
		HideSolutionNode = FALSE
	EndGlobalSection
	GlobalSection(ExtensibilityGlobals) = postSolution
		SolutionGuid = {17C251AD-F373-4602-AF6C-6EC1171C798F}
	EndGlobalSection
EndGlobal
